
Microsoft Visual Studio Solution File, Format Version 12.00
# Visual Studio 15
Project("{FAE04EC0-301F-11D3-BF4B-00C04F79EFBC}") = "BioCrowdsThermalCultural", "Assembly-CSharp.csproj", "{C2B41177-D0F2-46CD-B3B8-C04EEB592337}"
EndProject
Project("{FAE04EC0-301F-11D3-BF4B-00C04F79EFBC}") = "BioCrowdsThermalCultural", "Assembly-CSharp-Editor.csproj", "{ABE8E089-F371-D27C-D818-40C51A230FC2}"
EndProject
Global
	GlobalSection(SolutionConfigurationPlatforms) = preSolution
		Debug|Any CPU = Debug|Any CPU
		Release|Any CPU = Release|Any CPU
	EndGlobalSection
	GlobalSection(ProjectConfigurationPlatforms) = postSolution
		{C2B41177-D0F2-46CD-B3B8-C04EEB592337}.Debug|Any CPU.ActiveCfg = Debug|Any CPU
		{C2B41177-D0F2-46CD-B3B8-C04EEB592337}.Debug|Any CPU.Build.0 = Debug|Any CPU
		{C2B41177-D0F2-46CD-B3B8-C04EEB592337}.Release|Any CPU.ActiveCfg = Release|Any CPU
		{C2B41177-D0F2-46CD-B3B8-C04EEB592337}.Release|Any CPU.Build.0 = Release|Any CPU
		{ABE8E089-F371-D27C-D818-40C51A230FC2}.Debug|Any CPU.ActiveCfg = Debug|Any CPU
		{ABE8E089-F371-D27C-D818-40C51A230FC2}.Debug|Any CPU.Build.0 = Debug|Any CPU
		{ABE8E089-F371-D27C-D818-40C51A230FC2}.Release|Any CPU.ActiveCfg = Release|Any CPU
		{ABE8E089-F371-D27C-D818-40C51A230FC2}.Release|Any CPU.Build.0 = Release|Any CPU
	EndGlobalSection
	GlobalSection(SolutionProperties) = preSolution
		HideSolutionNode = FALSE
	EndGlobalSection
EndGlobal
